
Microsoft Visual Studio Solution File, Format Version 12.00
# Visual Studio Version 17
VisualStudioVersion = 17.14.36401.2 d17.14
MinimumVisualStudioVersion = 10.0.40219.1
Project("{FAE04EC0-301F-11D3-BF4B-00C04F79EFBC}") = "SnakeRL", "SnakeRL\SnakeRL.csproj", "{ED67F0E9-C38B-402D-80B3-8C0DCC02EF54}"
EndProject
Global
	GlobalSection(SolutionConfigurationPlatforms) = preSolution
		Debug|Any CPU = Debug|Any CPU
		Release|Any CPU = Release|Any CPU
	EndGlobalSection
	GlobalSection(ProjectConfigurationPlatforms) = postSolution
		{ED67F0E9-C38B-402D-80B3-8C0DCC02EF54}.Debug|Any CPU.ActiveCfg = Debug|Any CPU
		{ED67F0E9-C38B-402D-80B3-8C0DCC02EF54}.Debug|Any CPU.Build.0 = Debug|Any CPU
		{ED67F0E9-C38B-402D-80B3-8C0DCC02EF54}.Release|Any CPU.ActiveCfg = Release|Any CPU
		{ED67F0E9-C38B-402D-80B3-8C0DCC02EF54}.Release|Any CPU.Build.0 = Release|Any CPU
	EndGlobalSection
	GlobalSection(SolutionProperties) = preSolution
		HideSolutionNode = FALSE
	EndGlobalSection
	GlobalSection(ExtensibilityGlobals) = postSolution
		SolutionGuid = {CDAA57E3-CA3F-4BCC-88B7-CC87DB7C7430}
	EndGlobalSection
EndGlobal
